
Microsoft Visual Studio Solution File, Format Version 12.00
# Visual Studio Version 16
VisualStudioVersion = 16.0.32228.343
MinimumVisualStudioVersion = 10.0.40219.1
Project("{9A19103F-16F7-4668-BE54-9A1E7A4F7556}") = "Task 2 software", "Task 1 software\Task 2 software.csproj", "{30E22DFE-3A6B-4CF0-B6C7-C4F1B0F8F7AA}"
EndProject
Global
	GlobalSection(SolutionConfigurationPlatforms) = preSolution
		Debug|Any CPU = Debug|Any CPU
		Release|Any CPU = Release|Any CPU
	EndGlobalSection
	GlobalSection(ProjectConfigurationPlatforms) = postSolution
		{30E22DFE-3A6B-4CF0-B6C7-C4F1B0F8F7AA}.Debug|Any CPU.ActiveCfg = Debug|Any CPU
		{30E22DFE-3A6B-4CF0-B6C7-C4F1B0F8F7AA}.Debug|Any CPU.Build.0 = Debug|Any CPU
		{30E22DFE-3A6B-4CF0-B6C7-C4F1B0F8F7AA}.Release|Any CPU.ActiveCfg = Release|Any CPU
		{30E22DFE-3A6B-4CF0-B6C7-C4F1B0F8F7AA}.Release|Any CPU.Build.0 = Release|Any CPU
	EndGlobalSection
	GlobalSection(SolutionProperties) = preSolution
		HideSolutionNode = FALSE
	EndGlobalSection
	GlobalSection(ExtensibilityGlobals) = postSolution
		SolutionGuid = {272C4CAB-E33B-4F8E-978C-AF9ED9F44133}
	EndGlobalSection
EndGlobal
